
Microsoft Visual Studio Solution File, Format Version 12.00
# Visual Studio Version 17
VisualStudioVersion = 17.8.34004.107
MinimumVisualStudioVersion = 10.0.40219.1
Project("{8BC9CEB8-8B4A-11D0-8D11-00A0C91BC942}") = "SFT-221 (W1)", "SFT-221 (W1).vcxproj", "{CDC9707A-FD0D-4DFE-AC0D-341A3444C706}"
EndProject
Global
	GlobalSection(SolutionConfigurationPlatforms) = preSolution
		Debug|x64 = Debug|x64
		Debug|x86 = Debug|x86
		Release|x64 = Release|x64
		Release|x86 = Release|x86
	EndGlobalSection
	GlobalSection(ProjectConfigurationPlatforms) = postSolution
		{CDC9707A-FD0D-4DFE-AC0D-341A3444C706}.Debug|x64.ActiveCfg = Debug|x64
		{CDC9707A-FD0D-4DFE-AC0D-341A3444C706}.Debug|x64.Build.0 = Debug|x64
		{CDC9707A-FD0D-4DFE-AC0D-341A3444C706}.Debug|x86.ActiveCfg = Debug|Win32
		{CDC9707A-FD0D-4DFE-AC0D-341A3444C706}.Debug|x86.Build.0 = Debug|Win32
		{CDC9707A-FD0D-4DFE-AC0D-341A3444C706}.Release|x64.ActiveCfg = Release|x64
		{CDC9707A-FD0D-4DFE-AC0D-341A3444C706}.Release|x64.Build.0 = Release|x64
		{CDC9707A-FD0D-4DFE-AC0D-341A3444C706}.Release|x86.ActiveCfg = Release|Win32
		{CDC9707A-FD0D-4DFE-AC0D-341A3444C706}.Release|x86.Build.0 = Release|Win32
	EndGlobalSection
	GlobalSection(SolutionProperties) = preSolution
		HideSolutionNode = FALSE
	EndGlobalSection
	GlobalSection(ExtensibilityGlobals) = postSolution
		SolutionGuid = {D365BFBB-1B71-4882-9430-78E4659506BD}
	EndGlobalSection
EndGlobal
